src/notebooks/スライド/1日目スライド.ipynb
src/notebooks/基礎編/Matplotlib.ipynb
src/notebooks/基礎編/Numpyの基礎（１）導入.ipynb
src/notebooks/基礎編/Numpyの基礎（２）生成関数.ipynb
src/notebooks/基礎編/Numpyの基礎（３）ufunc.ipynb
src/notebooks/基礎編/Numpyの基礎（４）データ型.ipynb
src/notebooks/基礎編/Numpyの基礎（５）要素の参照.ipynb
src/notebooks/基礎編/Numpyの基礎（６）ブロードキャスト.ipynb
src/notebooks/基礎編/Numpyの基礎（７）便利なライブラリ群.ipynb
src/notebooks/基礎編/Numpyの基礎（８）ファイル入出力.ipynb
src/notebooks/基礎編/Numpyを使う際の注意点.ipynb
src/notebooks/基礎編/Pythonの基礎1.ipynb
src/notebooks/基礎編/Pythonの基礎2.ipynb
src/notebooks/基礎編/ファイル読み込み.ipynb
src/notebooks/基礎編/文字列操作（１）str.format.ipynb
src/notebooks/基礎編/文字列操作（２）strやファイル読み込み.ipynb
src/notebooks/基礎編/読みやすいPythonコードを書こう.ipynb
src/notebooks/応用編/Animation.ipynb
src/notebooks/応用編/Fortran, C言語 との連携.ipynb
src/notebooks/応用編/Pandas―データ分析（１）Series.ipynb
src/notebooks/応用編/Pandas―データ分析（２）DataFrame.ipynb
src/notebooks/応用編/Pandas―データ分析（３）GroupBy.ipynb
src/notebooks/応用編/Pandas―データ分析（４）ファイル入出力.ipynb
src/notebooks/応用編/Pandas―データ分析（５）応用：都道府県別人口推移.ipynb
src/notebooks/応用編/Seaborn ― matplotlib をより美しく、使いやすく.ipynb
src/notebooks/応用編/SymPyー代数演算（１）使い方.ipynb
src/notebooks/応用編/SymPyー代数演算（２）応用：二重振り子.ipynb
src/notebooks/応用編/shやBashの代わりにPythonを使う.ipynb
